
Microsoft Visual Studio Solution File, Format Version 12.00
# Visual Studio Version 17
VisualStudioVersion = 17.4.33205.214
MinimumVisualStudioVersion = 10.0.40219.1
Project("{C9674DCB-5085-4A16-B785-4C70DD1589BD}") = "olist", "olist.dtproj", "{F222D8B5-56C5-4D8C-8A9E-B95DC4B788A2}"
EndProject
Global
	GlobalSection(SolutionConfigurationPlatforms) = preSolution
		Development|Default = Development|Default
	EndGlobalSection
	GlobalSection(ProjectConfigurationPlatforms) = postSolution
		{F222D8B5-56C5-4D8C-8A9E-B95DC4B788A2}.Development|Default.ActiveCfg = Development
		{F222D8B5-56C5-4D8C-8A9E-B95DC4B788A2}.Development|Default.Build.0 = Development
	EndGlobalSection
	GlobalSection(SolutionProperties) = preSolution
		HideSolutionNode = FALSE
	EndGlobalSection
	GlobalSection(ExtensibilityGlobals) = postSolution
		SolutionGuid = {5FE80AA3-AC63-491C-91BF-F73FBCEBDC86}
	EndGlobalSection
EndGlobal
